# This file is a minimal poetry.lock to allow Docker builds
# Run `poetry lock --no-update` locally to generate the full lock file

[[package]]
name = "fastapi"
version = "0.109.0"
description = "FastAPI framework"
category = "main"
optional = false
python-versions = ">=3.8"

[[package]]
name = "uvicorn"
version = "0.27.0"
description = "ASGI server"
category = "main"
optional = false
python-versions = ">=3.8"

[[package]]
name = "pydantic"
version = "2.7.4"
description = "Data validation library"
category = "main"
optional = false
python-versions = ">=3.8"

[[package]]
name = "pydantic-settings"
version = "2.3.4"
description = "Settings management"
category = "main"
optional = false
python-versions = ">=3.8"

[[package]]
name = "httpx"
version = "0.26.0"
description = "HTTP client"
category = "main"
optional = false
python-versions = ">=3.8"

[[package]]
name = "beautifulsoup4"
version = "4.12.0"
description = "HTML parser"
category = "main"
optional = false
python-versions = ">=3.7"

[[package]]
name = "lxml"
version = "5.1.0"
description = "XML parser"
category = "main"
optional = false
python-versions = ">=3.6"

[[package]]
name = "sqlalchemy"
version = "2.0.25"
description = "SQL toolkit"
category = "main"
optional = false
python-versions = ">=3.7"

[[package]]
name = "redis"
version = "5.0.1"
description = "Redis client"
category = "main"
optional = false
python-versions = ">=3.7"

[[package]]
name = "celery"
version = "5.3.0"
description = "Task queue"
category = "main"
optional = false
python-versions = ">=3.8"

[[package]]
name = "tenacity"
version = "8.2.3"
description = "Retry library"
category = "main"
optional = false
python-versions = ">=3.7"

[[package]]
name = "prometheus-client"
version = "0.20.0"
description = "Prometheus metrics"
category = "main"
optional = false
python-versions = ">=3.8"

[[package]]
name = "selenium"
version = "4.22.0"
description = "Web automation"
category = "main"
optional = false
python-versions = ">=3.8"

[[package]]
name = "webdriver-manager"
version = "4.0.1"
description = "WebDriver manager"
category = "main"
optional = false
python-versions = ">=3.7"

[[package]]
name = "pandas"
version = "2.2.2"
description = "Data analysis"
category = "main"
optional = false
python-versions = ">=3.9"

[[package]]
name = "click"
version = "8.1.7"
description = "CLI library"
category = "main"
optional = false
python-versions = ">=3.7"

[[package]]
name = "python-dotenv"
version = "1.0.0"
description = "Environment management"
category = "main"
optional = false
python-versions = ">=3.8"

[[package]]
name = "blinker"
version = "1.7.0"
description = "Signal library"
category = "main"
optional = false
python-versions = ">=3.8"

[metadata]
lock-version = "2.0"
python-versions = "^3.11"
content-hash = "placeholder"